# This file is generated by running "yarn install" inside your project.
# Manual changes might be lost - proceed with caution!

__metadata:
  version: 6
  cacheKey: 8

"@cometjs/core@npm:^2.1.0":
  version: 2.2.0
  resolution: "@cometjs/core@npm:2.2.0"
  dependencies:
    tsconfck: ^2.0.1
  peerDependencies:
    typescript: ^4.5.0
  peerDependenciesMeta:
    typescript:
      optional: true
  checksum: 9ee3a6b36c08de7672766429dd28bc408a3e334223809f143932e955153b08f0bb96b8e21463021e82add7e262746ab476483609dd8cf2ce714def5b240da5b4
  languageName: node
  linkType: hard

"@esbuild/android-arm64@npm:0.19.8":
  version: 0.19.8
  resolution: "@esbuild/android-arm64@npm:0.19.8"
  conditions: os=android & cpu=arm64
  languageName: node
  linkType: hard

"@esbuild/android-arm@npm:0.19.8":
  version: 0.19.8
  resolution: "@esbuild/android-arm@npm:0.19.8"
  conditions: os=android & cpu=arm
  languageName: node
  linkType: hard

"@esbuild/android-x64@npm:0.19.8":
  version: 0.19.8
  resolution: "@esbuild/android-x64@npm:0.19.8"
  conditions: os=android & cpu=x64
  languageName: node
  linkType: hard

"@esbuild/darwin-arm64@npm:0.19.8":
  version: 0.19.8
  resolution: "@esbuild/darwin-arm64@npm:0.19.8"
  conditions: os=darwin & cpu=arm64
  languageName: node
  linkType: hard

"@esbuild/darwin-x64@npm:0.19.8":
  version: 0.19.8
  resolution: "@esbuild/darwin-x64@npm:0.19.8"
  conditions: os=darwin & cpu=x64
  languageName: node
  linkType: hard

"@esbuild/freebsd-arm64@npm:0.19.8":
  version: 0.19.8
  resolution: "@esbuild/freebsd-arm64@npm:0.19.8"
  conditions: os=freebsd & cpu=arm64
  languageName: node
  linkType: hard

"@esbuild/freebsd-x64@npm:0.19.8":
  version: 0.19.8
  resolution: "@esbuild/freebsd-x64@npm:0.19.8"
  conditions: os=freebsd & cpu=x64
  languageName: node
  linkType: hard

"@esbuild/linux-arm64@npm:0.19.8":
  version: 0.19.8
  resolution: "@esbuild/linux-arm64@npm:0.19.8"
  conditions: os=linux & cpu=arm64
  languageName: node
  linkType: hard

"@esbuild/linux-arm@npm:0.19.8":
  version: 0.19.8
  resolution: "@esbuild/linux-arm@npm:0.19.8"
  conditions: os=linux & cpu=arm
  languageName: node
  linkType: hard

"@esbuild/linux-ia32@npm:0.19.8":
  version: 0.19.8
  resolution: "@esbuild/linux-ia32@npm:0.19.8"
  conditions: os=linux & cpu=ia32
  languageName: node
  linkType: hard

"@esbuild/linux-loong64@npm:0.19.8":
  version: 0.19.8
  resolution: "@esbuild/linux-loong64@npm:0.19.8"
  conditions: os=linux & cpu=loong64
  languageName: node
  linkType: hard

"@esbuild/linux-mips64el@npm:0.19.8":
  version: 0.19.8
  resolution: "@esbuild/linux-mips64el@npm:0.19.8"
  conditions: os=linux & cpu=mips64el
  languageName: node
  linkType: hard

"@esbuild/linux-ppc64@npm:0.19.8":
  version: 0.19.8
  resolution: "@esbuild/linux-ppc64@npm:0.19.8"
  conditions: os=linux & cpu=ppc64
  languageName: node
  linkType: hard

"@esbuild/linux-riscv64@npm:0.19.8":
  version: 0.19.8
  resolution: "@esbuild/linux-riscv64@npm:0.19.8"
  conditions: os=linux & cpu=riscv64
  languageName: node
  linkType: hard

"@esbuild/linux-s390x@npm:0.19.8":
  version: 0.19.8
  resolution: "@esbuild/linux-s390x@npm:0.19.8"
  conditions: os=linux & cpu=s390x
  languageName: node
  linkType: hard

"@esbuild/linux-x64@npm:0.19.8":
  version: 0.19.8
  resolution: "@esbuild/linux-x64@npm:0.19.8"
  conditions: os=linux & cpu=x64
  languageName: node
  linkType: hard

"@esbuild/netbsd-x64@npm:0.19.8":
  version: 0.19.8
  resolution: "@esbuild/netbsd-x64@npm:0.19.8"
  conditions: os=netbsd & cpu=x64
  languageName: node
  linkType: hard

"@esbuild/openbsd-x64@npm:0.19.8":
  version: 0.19.8
  resolution: "@esbuild/openbsd-x64@npm:0.19.8"
  conditions: os=openbsd & cpu=x64
  languageName: node
  linkType: hard

"@esbuild/sunos-x64@npm:0.19.8":
  version: 0.19.8
  resolution: "@esbuild/sunos-x64@npm:0.19.8"
  conditions: os=sunos & cpu=x64
  languageName: node
  linkType: hard

"@esbuild/win32-arm64@npm:0.19.8":
  version: 0.19.8
  resolution: "@esbuild/win32-arm64@npm:0.19.8"
  conditions: os=win32 & cpu=arm64
  languageName: node
  linkType: hard

"@esbuild/win32-ia32@npm:0.19.8":
  version: 0.19.8
  resolution: "@esbuild/win32-ia32@npm:0.19.8"
  conditions: os=win32 & cpu=ia32
  languageName: node
  linkType: hard

"@esbuild/win32-x64@npm:0.19.8":
  version: 0.19.8
  resolution: "@esbuild/win32-x64@npm:0.19.8"
  conditions: os=win32 & cpu=x64
  languageName: node
  linkType: hard

"@fastify/ajv-compiler@npm:^3.5.0":
  version: 3.5.0
  resolution: "@fastify/ajv-compiler@npm:3.5.0"
  dependencies:
    ajv: ^8.11.0
    ajv-formats: ^2.1.1
    fast-uri: ^2.0.0
  checksum: 5e5b16469f8d586473d0b32e3a9cf38c0d86ef2a6fb7ea12ed7f3665642bd8eb2dde9adcc317814369cb5a58210bfdac35996fa87d1cc23e88bbc799f0b128b0
  languageName: node
  linkType: hard

"@fastify/cookie@npm:^9.0.0":
  version: 9.0.0
  resolution: "@fastify/cookie@npm:9.0.0"
  dependencies:
    cookie: ^0.5.0
    fastify-plugin: ^4.0.0
  checksum: d187e0abfb71cf9913f303aa3301dbf42cbdbeb525cc2ab64fab884c21bff77823a114526429b6391543340f47c51e3078b0b2c943d1232af69f05f8df573afa
  languageName: node
  linkType: hard

"@fastify/deepmerge@npm:^1.0.0":
  version: 1.3.0
  resolution: "@fastify/deepmerge@npm:1.3.0"
  checksum: 33ec927905dca320d7ae9535a1521909f7c82339706345324ab6287ad100589a799b8257c15b0e582c7bb74e2aa4883d82ba0228d7b116aa8789ada4f78d6974
  languageName: node
  linkType: hard

"@fastify/error@npm:^3.2.0":
  version: 3.3.0
  resolution: "@fastify/error@npm:3.3.0"
  checksum: 202507c8c7f49922cac2f5afc82802151b0bd9c583ca1c2850bf43d0f4cd97eedb3a3388b9016da74f8a01b517a5861d1f666c506dd64fd22995e559bc139264
  languageName: node
  linkType: hard

"@fastify/fast-json-stringify-compiler@npm:^4.3.0":
  version: 4.3.0
  resolution: "@fastify/fast-json-stringify-compiler@npm:4.3.0"
  dependencies:
    fast-json-stringify: ^5.7.0
  checksum: 2734afabe2539d3e15d2bd9f8dfee756d9cd969f7303dc085dd91c744ff61742bb0d3ebd3b561cf3c32be54567048a634b4962f943eb6bd9ed3fbd71cbf6a4fa
  languageName: node
  linkType: hard

"@lukeed/ms@npm:^2.0.1":
  version: 2.0.1
  resolution: "@lukeed/ms@npm:2.0.1"
  checksum: c7b46933bf7bad3e024dcbbe2ad6201392b4ed2a05a717c0ef7e96a03fb885d44f08b4b749c392cc51c2736a6a45a08c77f1863ace1c072928fbfd9908a13db3
  languageName: node
  linkType: hard

"@types/node@npm:^18.14.2":
  version: 18.17.15
  resolution: "@types/node@npm:18.17.15"
  checksum: eed11d4398ccdb999a4c65658ee75de621a4ad57aece48ed2fb8803b1e2711fadf58d8aefbdb0a447d69cf3cba602ca32fe0fc92077575950a796e1dc13baa0f
  languageName: node
  linkType: hard

"abort-controller@npm:^3.0.0":
  version: 3.0.0
  resolution: "abort-controller@npm:3.0.0"
  dependencies:
    event-target-shim: ^5.0.0
  checksum: 170bdba9b47b7e65906a28c8ce4f38a7a369d78e2271706f020849c1bfe0ee2067d4261df8bbb66eb84f79208fd5b710df759d64191db58cfba7ce8ef9c54b75
  languageName: node
  linkType: hard

"abstract-logging@npm:^2.0.1":
  version: 2.0.1
  resolution: "abstract-logging@npm:2.0.1"
  checksum: 6967d15e5abbafd17f56eaf30ba8278c99333586fa4f7935fd80e93cfdc006c37fcc819c5d63ee373a12e6cb2d0417f7c3c6b9e42b957a25af9937d26749415e
  languageName: node
  linkType: hard

"ajv-formats@npm:^2.1.1":
  version: 2.1.1
  resolution: "ajv-formats@npm:2.1.1"
  dependencies:
    ajv: ^8.0.0
  peerDependencies:
    ajv: ^8.0.0
  peerDependenciesMeta:
    ajv:
      optional: true
  checksum: 4a287d937f1ebaad4683249a4c40c0fa3beed30d9ddc0adba04859026a622da0d317851316ea64b3680dc60f5c3c708105ddd5d5db8fe595d9d0207fd19f90b7
  languageName: node
  linkType: hard

"ajv@npm:^8.0.0, ajv@npm:^8.10.0, ajv@npm:^8.11.0":
  version: 8.12.0
  resolution: "ajv@npm:8.12.0"
  dependencies:
    fast-deep-equal: ^3.1.1
    json-schema-traverse: ^1.0.0
    require-from-string: ^2.0.2
    uri-js: ^4.2.2
  checksum: 4dc13714e316e67537c8b31bc063f99a1d9d9a497eb4bbd55191ac0dcd5e4985bbb71570352ad6f1e76684fb6d790928f96ba3b2d4fd6e10024be9612fe3f001
  languageName: node
  linkType: hard

"archy@npm:^1.0.0":
  version: 1.0.0
  resolution: "archy@npm:1.0.0"
  checksum: 504ae7af655130bab9f471343cfdb054feaec7d8e300e13348bc9fe9e660f83d422e473069584f73233c701ae37d1c8452ff2522f2a20c38849e0f406f1732ac
  languageName: node
  linkType: hard

"asn1.js@npm:^5.4.1":
  version: 5.4.1
  resolution: "asn1.js@npm:5.4.1"
  dependencies:
    bn.js: ^4.0.0
    inherits: ^2.0.1
    minimalistic-assert: ^1.0.0
    safer-buffer: ^2.1.0
  checksum: 3786a101ac6f304bd4e9a7df79549a7561950a13d4bcaec0c7790d44c80d147c1a94ba3d4e663673406064642a40b23fcd6c82a9952468e386c1a1376d747f9a
  languageName: node
  linkType: hard

"atomic-sleep@npm:^1.0.0":
  version: 1.0.0
  resolution: "atomic-sleep@npm:1.0.0"
  checksum: b95275afb2f80732f22f43a60178430c468906a415a7ff18bcd0feeebc8eec3930b51250aeda91a476062a90e07132b43a1794e8d8ffcf9b650e8139be75fa36
  languageName: node
  linkType: hard

"avvio@npm:^8.2.1":
  version: 8.2.1
  resolution: "avvio@npm:8.2.1"
  dependencies:
    archy: ^1.0.0
    debug: ^4.0.0
    fastq: ^1.6.1
  checksum: 4c96922ea123d13b26cb78a071a8989fde62ee8580352b6d2f05b7976ed3d23efa663c12ee1be35501dfe65e12a769a2ea522bcdb7ca35a5ba4d86766467075a
  languageName: node
  linkType: hard

"base64-js@npm:^1.3.1":
  version: 1.5.1
  resolution: "base64-js@npm:1.5.1"
  checksum: 669632eb3745404c2f822a18fc3a0122d2f9a7a13f7fb8b5823ee19d1d2ff9ee5b52c53367176ea4ad093c332fd5ab4bd0ebae5a8e27917a4105a4cfc86b1005
  languageName: node
  linkType: hard

"bn.js@npm:^4.0.0":
  version: 4.12.0
  resolution: "bn.js@npm:4.12.0"
  checksum: 39afb4f15f4ea537b55eaf1446c896af28ac948fdcf47171961475724d1bb65118cca49fa6e3d67706e4790955ec0e74de584e45c8f1ef89f46c812bee5b5a12
  languageName: node
  linkType: hard

"browserslist@npm:^4.22.2":
  version: 4.22.2
  resolution: "browserslist@npm:4.22.2"
  dependencies:
    caniuse-lite: ^1.0.30001565
    electron-to-chromium: ^1.4.601
    node-releases: ^2.0.14
    update-browserslist-db: ^1.0.13
  bin:
    browserslist: cli.js
  checksum: 33ddfcd9145220099a7a1ac533cecfe5b7548ffeb29b313e1b57be6459000a1f8fa67e781cf4abee97268ac594d44134fcc4a6b2b4750ceddc9796e3a22076d9
  languageName: node
  linkType: hard

"buffer@npm:^6.0.3":
  version: 6.0.3
  resolution: "buffer@npm:6.0.3"
  dependencies:
    base64-js: ^1.3.1
    ieee754: ^1.2.1
  checksum: 5ad23293d9a731e4318e420025800b42bf0d264004c0286c8cc010af7a270c7a0f6522e84f54b9ad65cbd6db20b8badbfd8d2ebf4f80fa03dab093b89e68c3f9
  languageName: node
  linkType: hard

"caniuse-lite@npm:^1.0.30001565":
  version: 1.0.30001566
  resolution: "caniuse-lite@npm:1.0.30001566"
  checksum: 0f9084bf9f7d5c0a9ddb200c2baddb25dd2ad5a2f205f01e7b971f3e98e9a7bb23c2d86bae48237e9bc9782b682cffaaf3406d936937ab9844987dbe2a6401f2
  languageName: node
  linkType: hard

"cookie@npm:^0.5.0":
  version: 0.5.0
  resolution: "cookie@npm:0.5.0"
  checksum: 1f4bd2ca5765f8c9689a7e8954183f5332139eb72b6ff783d8947032ec1fdf43109852c178e21a953a30c0dd42257828185be01b49d1eb1a67fd054ca588a180
  languageName: node
  linkType: hard

"debug@npm:^4.0.0":
  version: 4.3.4
  resolution: "debug@npm:4.3.4"
  dependencies:
    ms: 2.1.2
  peerDependenciesMeta:
    supports-color:
      optional: true
  checksum: 3dbad3f94ea64f34431a9cbf0bafb61853eda57bff2880036153438f50fb5a84f27683ba0d8e5426bf41a8c6ff03879488120cf5b3a761e77953169c0600a708
  languageName: node
  linkType: hard

"ecdsa-sig-formatter@npm:^1.0.11":
  version: 1.0.11
  resolution: "ecdsa-sig-formatter@npm:1.0.11"
  dependencies:
    safe-buffer: ^5.0.1
  checksum: 207f9ab1c2669b8e65540bce29506134613dd5f122cccf1e6a560f4d63f2732d427d938f8481df175505aad94583bcb32c688737bb39a6df0625f903d6d93c03
  languageName: node
  linkType: hard

"electron-to-chromium@npm:^1.4.601":
  version: 1.4.601
  resolution: "electron-to-chromium@npm:1.4.601"
  checksum: 6c6d090afaab83f49fe413c2558a3294e7dfce6a9d8afda3496a80ba59377901279ea7903122558399d5f5dbbdcca8562e3e826b7b78e7ec0b561fcc02c45f73
  languageName: node
  linkType: hard

"esbuild@npm:^0.19.0":
  version: 0.19.8
  resolution: "esbuild@npm:0.19.8"
  dependencies:
    "@esbuild/android-arm": 0.19.8
    "@esbuild/android-arm64": 0.19.8
    "@esbuild/android-x64": 0.19.8
    "@esbuild/darwin-arm64": 0.19.8
    "@esbuild/darwin-x64": 0.19.8
    "@esbuild/freebsd-arm64": 0.19.8
    "@esbuild/freebsd-x64": 0.19.8
    "@esbuild/linux-arm": 0.19.8
    "@esbuild/linux-arm64": 0.19.8
    "@esbuild/linux-ia32": 0.19.8
    "@esbuild/linux-loong64": 0.19.8
    "@esbuild/linux-mips64el": 0.19.8
    "@esbuild/linux-ppc64": 0.19.8
    "@esbuild/linux-riscv64": 0.19.8
    "@esbuild/linux-s390x": 0.19.8
    "@esbuild/linux-x64": 0.19.8
    "@esbuild/netbsd-x64": 0.19.8
    "@esbuild/openbsd-x64": 0.19.8
    "@esbuild/sunos-x64": 0.19.8
    "@esbuild/win32-arm64": 0.19.8
    "@esbuild/win32-ia32": 0.19.8
    "@esbuild/win32-x64": 0.19.8
  dependenciesMeta:
    "@esbuild/android-arm":
      optional: true
    "@esbuild/android-arm64":
      optional: true
    "@esbuild/android-x64":
      optional: true
    "@esbuild/darwin-arm64":
      optional: true
    "@esbuild/darwin-x64":
      optional: true
    "@esbuild/freebsd-arm64":
      optional: true
    "@esbuild/freebsd-x64":
      optional: true
    "@esbuild/linux-arm":
      optional: true
    "@esbuild/linux-arm64":
      optional: true
    "@esbuild/linux-ia32":
      optional: true
    "@esbuild/linux-loong64":
      optional: true
    "@esbuild/linux-mips64el":
      optional: true
    "@esbuild/linux-ppc64":
      optional: true
    "@esbuild/linux-riscv64":
      optional: true
    "@esbuild/linux-s390x":
      optional: true
    "@esbuild/linux-x64":
      optional: true
    "@esbuild/netbsd-x64":
      optional: true
    "@esbuild/openbsd-x64":
      optional: true
    "@esbuild/sunos-x64":
      optional: true
    "@esbuild/win32-arm64":
      optional: true
    "@esbuild/win32-ia32":
      optional: true
    "@esbuild/win32-x64":
      optional: true
  bin:
    esbuild: bin/esbuild
  checksum: 1dff99482ecbfcc642ec66c71e4dc5c73ce6aef68e8158a4937890b570e86a95959ac47e0f14785ba70df5a673ae4289df88a162e9759b02367ed28074cee8ba
  languageName: node
  linkType: hard

"escalade@npm:^3.1.1":
  version: 3.1.1
  resolution: "escalade@npm:3.1.1"
  checksum: a3e2a99f07acb74b3ad4989c48ca0c3140f69f923e56d0cba0526240ee470b91010f9d39001f2a4a313841d237ede70a729e92125191ba5d21e74b106800b133
  languageName: node
  linkType: hard

"event-target-shim@npm:^5.0.0":
  version: 5.0.1
  resolution: "event-target-shim@npm:5.0.1"
  checksum: 1ffe3bb22a6d51bdeb6bf6f7cf97d2ff4a74b017ad12284cc9e6a279e727dc30a5de6bb613e5596ff4dc3e517841339ad09a7eec44266eccb1aa201a30448166
  languageName: node
  linkType: hard

"events@npm:^3.3.0":
  version: 3.3.0
  resolution: "events@npm:3.3.0"
  checksum: f6f487ad2198aa41d878fa31452f1a3c00958f46e9019286ff4787c84aac329332ab45c9cdc8c445928fc6d7ded294b9e005a7fce9426488518017831b272780
  languageName: node
  linkType: hard

"fast-content-type-parse@npm:^1.0.0":
  version: 1.0.0
  resolution: "fast-content-type-parse@npm:1.0.0"
  checksum: 9e9187be17bea18a2ee715c5737b983181cbe84f286a291db0595e421e04b578da10ca10845639be08664a4db6a793f7709822935cf38cfdf9ecba38d84ead9e
  languageName: node
  linkType: hard

"fast-decode-uri-component@npm:^1.0.1":
  version: 1.0.1
  resolution: "fast-decode-uri-component@npm:1.0.1"
  checksum: 427a48fe0907e76f0e9a2c228e253b4d8a8ab21d130ee9e4bb8339c5ba4086235cf9576831f7b20955a752eae4b525a177ff9d5825dd8d416e7726939194fbee
  languageName: node
  linkType: hard

"fast-deep-equal@npm:^3.1.1, fast-deep-equal@npm:^3.1.3":
  version: 3.1.3
  resolution: "fast-deep-equal@npm:3.1.3"
  checksum: e21a9d8d84f53493b6aa15efc9cfd53dd5b714a1f23f67fb5dc8f574af80df889b3bce25dc081887c6d25457cce704e636395333abad896ccdec03abaf1f3f9d
  languageName: node
  linkType: hard

"fast-json-stringify@npm:^5.7.0":
  version: 5.7.0
  resolution: "fast-json-stringify@npm:5.7.0"
  dependencies:
    "@fastify/deepmerge": ^1.0.0
    ajv: ^8.10.0
    ajv-formats: ^2.1.1
    fast-deep-equal: ^3.1.3
    fast-uri: ^2.1.0
    rfdc: ^1.2.0
  checksum: ca834cd8afa654f50c8f14b8489ae74ccc1d2d695fd9eafc7b8eebe251e6d0305664e8dc9d50f3074a4a0572a34c2b96e8adb84096b813d7e6f1aafce34ecf9c
  languageName: node
  linkType: hard

"fast-jwt@npm:^3.0.0":
  version: 3.2.0
  resolution: "fast-jwt@npm:3.2.0"
  dependencies:
    "@lukeed/ms": ^2.0.1
    asn1.js: ^5.4.1
    ecdsa-sig-formatter: ^1.0.11
    mnemonist: ^0.39.5
  checksum: 908c3b660e88836610672096f635e0d3b14f2aa54d84528b3a1a67344fa981b68f7567a23d56cf915702b0d07293855e165e9c4047492a767e1e95660d163545
  languageName: node
  linkType: hard

"fast-querystring@npm:^1.0.0":
  version: 1.1.1
  resolution: "fast-querystring@npm:1.1.1"
  dependencies:
    fast-decode-uri-component: ^1.0.1
  checksum: 86d2b75b9b299a552353532fb1a542f09730ee2a61e657d68710971d9a2afc9a3c5c7b7e106b6534f4cc506d2ff1c08ab0fda4ae614b4e7720798c9ac2a88e02
  languageName: node
  linkType: hard

"fast-redact@npm:^3.1.1":
  version: 3.1.2
  resolution: "fast-redact@npm:3.1.2"
  checksum: a30eb6b6830333ab213e0def55f46453ca777544dbd3a883016cb590a0eeb95e6fdf546553c1a13d509896bfba889b789991160a6d0996ceb19fce0a02e8b753
  languageName: node
  linkType: hard

"fast-uri@npm:^2.0.0, fast-uri@npm:^2.1.0":
  version: 2.2.0
  resolution: "fast-uri@npm:2.2.0"
  checksum: edac64d50628f21d562cdc19ea86f5af00902dbb09d2f96fff5974e5317157825e9aa163af9defd11a0818aac6ea2e9958597bed98dd041200a08a976809d08b
  languageName: node
  linkType: hard

"fastify-auth0-login@workspace:.":
  version: 0.0.0-use.local
  resolution: "fastify-auth0-login@workspace:."
  dependencies:
    "@fastify/cookie": ^9.0.0
    "@types/node": ^18.14.2
    fast-jwt: ^3.0.0
    fastify: ^4.13.0
    fastify-plugin: ^4.5.0
    nanobundle: ^2.0.0
    typescript: ^5.0.0
  peerDependencies:
    "@fastify/cookie": ^8.0.0 || ^9.0.0
    fastify: ^4.0.0
  languageName: unknown
  linkType: soft

"fastify-plugin@npm:^4.0.0, fastify-plugin@npm:^4.5.0":
  version: 4.5.1
  resolution: "fastify-plugin@npm:4.5.1"
  checksum: ddd1b2d470c3acd9397c2617b5842dcf71a6f9a32f05d02be1c12e8d37b8fc03af656900cec38e2afef5e9a3dfe5f994317810f4c5e9960b127b1ca179b56f73
  languageName: node
  linkType: hard

"fastify@npm:^4.13.0":
  version: 4.23.1
  resolution: "fastify@npm:4.23.1"
  dependencies:
    "@fastify/ajv-compiler": ^3.5.0
    "@fastify/error": ^3.2.0
    "@fastify/fast-json-stringify-compiler": ^4.3.0
    abstract-logging: ^2.0.1
    avvio: ^8.2.1
    fast-content-type-parse: ^1.0.0
    fast-json-stringify: ^5.7.0
    find-my-way: ^7.6.0
    light-my-request: ^5.9.1
    pino: ^8.12.0
    process-warning: ^2.2.0
    proxy-addr: ^2.0.7
    rfdc: ^1.3.0
    secure-json-parse: ^2.5.0
    semver: ^7.5.0
    toad-cache: ^3.2.0
  checksum: 77afcff931522a4ea6084c75214d10d6972323454ce7c4f02386175ac4d430bb7dfd77c51d8ecc1b79907eb95737ffba774878edee7f1fc8d592833ba2ca7ec8
  languageName: node
  linkType: hard

"fastq@npm:^1.6.1":
  version: 1.15.0
  resolution: "fastq@npm:1.15.0"
  dependencies:
    reusify: ^1.0.4
  checksum: 0170e6bfcd5d57a70412440b8ef600da6de3b2a6c5966aeaf0a852d542daff506a0ee92d6de7679d1de82e644bce69d7a574a6c93f0b03964b5337eed75ada1a
  languageName: node
  linkType: hard

"find-my-way@npm:^7.6.0":
  version: 7.6.0
  resolution: "find-my-way@npm:7.6.0"
  dependencies:
    fast-deep-equal: ^3.1.3
    fast-querystring: ^1.0.0
    safe-regex2: ^2.0.0
  checksum: b5bf14dadf52c61208351519a4681ee389ebec2547cf6ab82ae3ede1eb622657bc6ae45520d40eef09456345e80e145199aa801730cf998c481a602547cca763
  languageName: node
  linkType: hard

"forwarded@npm:0.2.0":
  version: 0.2.0
  resolution: "forwarded@npm:0.2.0"
  checksum: fd27e2394d8887ebd16a66ffc889dc983fbbd797d5d3f01087c020283c0f019a7d05ee85669383d8e0d216b116d720fc0cef2f6e9b7eb9f4c90c6e0bc7fd28e6
  languageName: node
  linkType: hard

"ieee754@npm:^1.2.1":
  version: 1.2.1
  resolution: "ieee754@npm:1.2.1"
  checksum: 5144c0c9815e54ada181d80a0b810221a253562422e7c6c3a60b1901154184f49326ec239d618c416c1c5945a2e197107aee8d986a3dd836b53dffefd99b5e7e
  languageName: node
  linkType: hard

"inherits@npm:^2.0.1":
  version: 2.0.4
  resolution: "inherits@npm:2.0.4"
  checksum: 4a48a733847879d6cf6691860a6b1e3f0f4754176e4d71494c41f3475553768b10f84b5ce1d40fbd0e34e6bfbb864ee35858ad4dd2cf31e02fc4a154b724d7f1
  languageName: node
  linkType: hard

"ipaddr.js@npm:1.9.1":
  version: 1.9.1
  resolution: "ipaddr.js@npm:1.9.1"
  checksum: f88d3825981486f5a1942414c8d77dd6674dd71c065adcfa46f578d677edcb99fda25af42675cb59db492fdf427b34a5abfcde3982da11a8fd83a500b41cfe77
  languageName: node
  linkType: hard

"json-schema-traverse@npm:^1.0.0":
  version: 1.0.0
  resolution: "json-schema-traverse@npm:1.0.0"
  checksum: 02f2f466cdb0362558b2f1fd5e15cce82ef55d60cd7f8fa828cf35ba74330f8d767fcae5c5c2adb7851fa811766c694b9405810879bc4e1ddd78a7c0e03658ad
  languageName: node
  linkType: hard

"kleur@npm:^4.1.5":
  version: 4.1.5
  resolution: "kleur@npm:4.1.5"
  checksum: 1dc476e32741acf0b1b5b0627ffd0d722e342c1b0da14de3e8ae97821327ca08f9fb944542fb3c126d90ac5f27f9d804edbe7c585bf7d12ef495d115e0f22c12
  languageName: node
  linkType: hard

"light-my-request@npm:^5.9.1":
  version: 5.10.0
  resolution: "light-my-request@npm:5.10.0"
  dependencies:
    cookie: ^0.5.0
    process-warning: ^2.0.0
    set-cookie-parser: ^2.4.1
  checksum: 50450afd155c8a8800435d568b118ea24b0367d36defaf0467fc49f5e7591c3f8c90b97641f67792d3f25190d53c988c6bc03dd389dfec9dcdfd1907f01ff36f
  languageName: node
  linkType: hard

"lru-cache@npm:^6.0.0":
  version: 6.0.0
  resolution: "lru-cache@npm:6.0.0"
  dependencies:
    yallist: ^4.0.0
  checksum: f97f499f898f23e4585742138a22f22526254fdba6d75d41a1c2526b3b6cc5747ef59c5612ba7375f42aca4f8461950e925ba08c991ead0651b4918b7c978297
  languageName: node
  linkType: hard

"meow@npm:^12.0.0":
  version: 12.1.1
  resolution: "meow@npm:12.1.1"
  checksum: a6f3be85fbe53430ef53ab933dd790c39216eb4dbaabdbef593aa59efb40ecaa417897000175476bc33eed09e4cbce01df7ba53ba91e9a4bd84ec07024cb8914
  languageName: node
  linkType: hard

"minimalistic-assert@npm:^1.0.0":
  version: 1.0.1
  resolution: "minimalistic-assert@npm:1.0.1"
  checksum: cc7974a9268fbf130fb055aff76700d7e2d8be5f761fb5c60318d0ed010d839ab3661a533ad29a5d37653133385204c503bfac995aaa4236f4e847461ea32ba7
  languageName: node
  linkType: hard

"mnemonist@npm:^0.39.5":
  version: 0.39.5
  resolution: "mnemonist@npm:0.39.5"
  dependencies:
    obliterator: ^2.0.1
  checksum: 6669d687a434226924b2c84ee6eb7ce7d0f83dfc5caad8bcc164c73c0c11fb6d43cbe32636e710f068046f4b40a56c3032532554e93e02640aafc6ca3dd222e6
  languageName: node
  linkType: hard

"ms@npm:2.1.2":
  version: 2.1.2
  resolution: "ms@npm:2.1.2"
  checksum: 673cdb2c3133eb050c745908d8ce632ed2c02d85640e2edb3ace856a2266a813b30c613569bf3354fdf4ea7d1a1494add3bfa95e2713baa27d0c2c71fc44f58f
  languageName: node
  linkType: hard

"nanobundle@npm:^2.0.0":
  version: 2.0.0
  resolution: "nanobundle@npm:2.0.0"
  dependencies:
    "@cometjs/core": ^2.1.0
    browserslist: ^4.22.2
    esbuild: ^0.19.0
    kleur: ^4.1.5
    meow: ^12.0.0
    pretty-bytes: ^6.0.0
    semver: ^7.3.8
    string-dedent: ^3.0.1
    tsconfck: ^3.0.0
    xstate: ^4.35.0
  peerDependencies:
    typescript: ^5.0.0
  peerDependenciesMeta:
    typescript:
      optional: true
  bin:
    nanobundle: bin.min.mjs
  checksum: 657b0d101e3c17b5d9be20195d5d853102ca650b78f865663eaeaede423505e8b74b1eac2859020bdfbfd1dcdd28d262f29f05a3df5f2ef9e89c5bc5d86d748a
  languageName: node
  linkType: hard

"node-releases@npm:^2.0.14":
  version: 2.0.14
  resolution: "node-releases@npm:2.0.14"
  checksum: 59443a2f77acac854c42d321bf1b43dea0aef55cd544c6a686e9816a697300458d4e82239e2d794ea05f7bbbc8a94500332e2d3ac3f11f52e4b16cbe638b3c41
  languageName: node
  linkType: hard

"obliterator@npm:^2.0.1":
  version: 2.0.4
  resolution: "obliterator@npm:2.0.4"
  checksum: f28ad35b6d812089315f375dc3e6e5f9bebf958ebe4b10ccd471c7115cbcf595e74bdac4783ae758e5b1f47e3096427fdb37cfa7bed566b132df92ff317b9a7c
  languageName: node
  linkType: hard

"on-exit-leak-free@npm:^2.1.0":
  version: 2.1.0
  resolution: "on-exit-leak-free@npm:2.1.0"
  checksum: 7334d98b87b0c89c9b69c747760b21196ff35afdedc4eaf1a0a3a02964463d7f6802481b120e4c8298967c74773ca7b914ab2eb3d9b279010eb7f67ac4960eed
  languageName: node
  linkType: hard

"picocolors@npm:^1.0.0":
  version: 1.0.0
  resolution: "picocolors@npm:1.0.0"
  checksum: a2e8092dd86c8396bdba9f2b5481032848525b3dc295ce9b57896f931e63fc16f79805144321f72976383fc249584672a75cc18d6777c6b757603f372f745981
  languageName: node
  linkType: hard

"pino-abstract-transport@npm:v1.0.0":
  version: 1.0.0
  resolution: "pino-abstract-transport@npm:1.0.0"
  dependencies:
    readable-stream: ^4.0.0
    split2: ^4.0.0
  checksum: 05dd0eda52dd99fd204b39fe7b62656744b63e863bc052cdd5105d25f226a236966d0a46e39a1ace4838f6e988c608837ff946d2d0bc92835ca7baa0a3bff8d8
  languageName: node
  linkType: hard

"pino-std-serializers@npm:^6.0.0":
  version: 6.1.0
  resolution: "pino-std-serializers@npm:6.1.0"
  checksum: 5e42327c242b67c1a38fe7be1b64c5f655aa7116b159899f09f3ef057302055a23c99c54590e18da4b6b76557487e3b9478a89889cea8cbd3e0cc16c3dc154a5
  languageName: node
  linkType: hard

"pino@npm:^8.12.0":
  version: 8.14.1
  resolution: "pino@npm:8.14.1"
  dependencies:
    atomic-sleep: ^1.0.0
    fast-redact: ^3.1.1
    on-exit-leak-free: ^2.1.0
    pino-abstract-transport: v1.0.0
    pino-std-serializers: ^6.0.0
    process-warning: ^2.0.0
    quick-format-unescaped: ^4.0.3
    real-require: ^0.2.0
    safe-stable-stringify: ^2.3.1
    sonic-boom: ^3.1.0
    thread-stream: ^2.0.0
  bin:
    pino: bin.js
  checksum: 72dcae8f550d375695bb8745f11b30c42aaa20d0bcab8f546ca5af0684d784453850949fe1b244206793e813a46d72cbbf0dda8aed2cee86e9491ba44a643e3e
  languageName: node
  linkType: hard

"pretty-bytes@npm:^6.0.0":
  version: 6.1.0
  resolution: "pretty-bytes@npm:6.1.0"
  checksum: cca3be45a299a28d1d3d95056ac709b8aeb01540aae7d906ed674c076b5f4b48cb6bf118f172d486c17e47b092a00e827b7f69608bc731ca35ca6f8d93e130f1
  languageName: node
  linkType: hard

"process-warning@npm:^2.0.0":
  version: 2.1.0
  resolution: "process-warning@npm:2.1.0"
  checksum: 2f22a3b8ec0de018c3a35e5945a2261c006aa3dfecf3d4f7aa323bc57e4fcdedfd566003283708547fde666d3ab7097d70f8d9765cd831d300723e4008adb7ab
  languageName: node
  linkType: hard

"process-warning@npm:^2.2.0":
  version: 2.2.0
  resolution: "process-warning@npm:2.2.0"
  checksum: 394ae451c2622ee7d014a7196d36658fc1a5d5cc9f3bfeb54aadd5b77fcfecc89a30a25db259ae76ff49fde3f3f3dd7031dcdfb4da2e5445dac795549352e5d0
  languageName: node
  linkType: hard

"process@npm:^0.11.10":
  version: 0.11.10
  resolution: "process@npm:0.11.10"
  checksum: bfcce49814f7d172a6e6a14d5fa3ac92cc3d0c3b9feb1279774708a719e19acd673995226351a082a9ae99978254e320ccda4240ddc474ba31a76c79491ca7c3
  languageName: node
  linkType: hard

"proxy-addr@npm:^2.0.7":
  version: 2.0.7
  resolution: "proxy-addr@npm:2.0.7"
  dependencies:
    forwarded: 0.2.0
    ipaddr.js: 1.9.1
  checksum: 29c6990ce9364648255454842f06f8c46fcd124d3e6d7c5066df44662de63cdc0bad032e9bf5a3d653ff72141cc7b6019873d685708ac8210c30458ad99f2b74
  languageName: node
  linkType: hard

"punycode@npm:^2.1.0":
  version: 2.3.0
  resolution: "punycode@npm:2.3.0"
  checksum: 39f760e09a2a3bbfe8f5287cf733ecdad69d6af2fe6f97ca95f24b8921858b91e9ea3c9eeec6e08cede96181b3bb33f95c6ffd8c77e63986508aa2e8159fa200
  languageName: node
  linkType: hard

"quick-format-unescaped@npm:^4.0.3":
  version: 4.0.4
  resolution: "quick-format-unescaped@npm:4.0.4"
  checksum: 7bc32b99354a1aa46c089d2a82b63489961002bb1d654cee3e6d2d8778197b68c2d854fd23d8422436ee1fdfd0abaddc4d4da120afe700ade68bd357815b26fd
  languageName: node
  linkType: hard

"readable-stream@npm:^4.0.0":
  version: 4.3.0
  resolution: "readable-stream@npm:4.3.0"
  dependencies:
    abort-controller: ^3.0.0
    buffer: ^6.0.3
    events: ^3.3.0
    process: ^0.11.10
  checksum: 5f8d5fc1eb0c6eb47771ad4537881126d6280666e1f10ba1e2262a670a0352c36f59e6a04d17c9a6f7c888218984836dc67f55e95a77de8bfdf06fb75f00f670
  languageName: node
  linkType: hard

"real-require@npm:^0.2.0":
  version: 0.2.0
  resolution: "real-require@npm:0.2.0"
  checksum: fa060f19f2f447adf678d1376928c76379dce5f72bd334da301685ca6cdcb7b11356813332cc243c88470796bc2e2b1e2917fc10df9143dd93c2ea608694971d
  languageName: node
  linkType: hard

"require-from-string@npm:^2.0.2":
  version: 2.0.2
  resolution: "require-from-string@npm:2.0.2"
  checksum: a03ef6895445f33a4015300c426699bc66b2b044ba7b670aa238610381b56d3f07c686251740d575e22f4c87531ba662d06937508f0f3c0f1ddc04db3130560b
  languageName: node
  linkType: hard

"ret@npm:~0.2.0":
  version: 0.2.2
  resolution: "ret@npm:0.2.2"
  checksum: 774964bb413a3525e687bca92d81c1cd75555ec33147c32ecca22f3d06409e35df87952cfe3d57afff7650a0f7e42139cf60cb44e94c29dde390243bc1941f16
  languageName: node
  linkType: hard

"reusify@npm:^1.0.4":
  version: 1.0.4
  resolution: "reusify@npm:1.0.4"
  checksum: c3076ebcc22a6bc252cb0b9c77561795256c22b757f40c0d8110b1300723f15ec0fc8685e8d4ea6d7666f36c79ccc793b1939c748bf36f18f542744a4e379fcc
  languageName: node
  linkType: hard

"rfdc@npm:^1.2.0, rfdc@npm:^1.3.0":
  version: 1.3.0
  resolution: "rfdc@npm:1.3.0"
  checksum: fb2ba8512e43519983b4c61bd3fa77c0f410eff6bae68b08614437bc3f35f91362215f7b4a73cbda6f67330b5746ce07db5dd9850ad3edc91271ad6deea0df32
  languageName: node
  linkType: hard

"safe-buffer@npm:^5.0.1":
  version: 5.2.1
  resolution: "safe-buffer@npm:5.2.1"
  checksum: b99c4b41fdd67a6aaf280fcd05e9ffb0813654894223afb78a31f14a19ad220bba8aba1cb14eddce1fcfb037155fe6de4e861784eb434f7d11ed58d1e70dd491
  languageName: node
  linkType: hard

"safe-regex2@npm:^2.0.0":
  version: 2.0.0
  resolution: "safe-regex2@npm:2.0.0"
  dependencies:
    ret: ~0.2.0
  checksum: f5e182fca040dedd50ae052ea0eb035d9903b2db71243d5d8b43299735857288ef2ab52546a368d9c6fd1333b2a0d039297925e78ffc14845354f3f6158af7c2
  languageName: node
  linkType: hard

"safe-stable-stringify@npm:^2.3.1":
  version: 2.4.2
  resolution: "safe-stable-stringify@npm:2.4.2"
  checksum: 0324ba2e40f78cae63e31a02b1c9bdf1b786621f9e8760845608eb9e81aef401944ac2078e5c9c1533cf516aea34d08fa8052ca853637ced84b791caaf1e394e
  languageName: node
  linkType: hard

"safer-buffer@npm:^2.1.0":
  version: 2.1.2
  resolution: "safer-buffer@npm:2.1.2"
  checksum: cab8f25ae6f1434abee8d80023d7e72b598cf1327164ddab31003c51215526801e40b66c5e65d658a0af1e9d6478cadcb4c745f4bd6751f97d8644786c0978b0
  languageName: node
  linkType: hard

"secure-json-parse@npm:^2.5.0":
  version: 2.7.0
  resolution: "secure-json-parse@npm:2.7.0"
  checksum: d9d7d5a01fc6db6115744ba23cf9e67ecfe8c524d771537c062ee05ad5c11b64c730bc58c7f33f60bd6877f96b86f0ceb9ea29644e4040cb757f6912d4dd6737
  languageName: node
  linkType: hard

"semver@npm:^7.3.8":
  version: 7.3.8
  resolution: "semver@npm:7.3.8"
  dependencies:
    lru-cache: ^6.0.0
  bin:
    semver: bin/semver.js
  checksum: ba9c7cbbf2b7884696523450a61fee1a09930d888b7a8d7579025ad93d459b2d1949ee5bbfeb188b2be5f4ac163544c5e98491ad6152df34154feebc2cc337c1
  languageName: node
  linkType: hard

"semver@npm:^7.5.0":
  version: 7.5.4
  resolution: "semver@npm:7.5.4"
  dependencies:
    lru-cache: ^6.0.0
  bin:
    semver: bin/semver.js
  checksum: 12d8ad952fa353b0995bf180cdac205a4068b759a140e5d3c608317098b3575ac2f1e09182206bf2eb26120e1c0ed8fb92c48c592f6099680de56bb071423ca3
  languageName: node
  linkType: hard

"set-cookie-parser@npm:^2.4.1":
  version: 2.5.1
  resolution: "set-cookie-parser@npm:2.5.1"
  checksum: b99c37f976e68ae6eb7c758bf2bbce1e60bb54e3eccedaa25f2da45b77b9cab58d90674cf9edd7aead6fbeac6308f2eb48713320a47ca120d0e838d0194513b6
  languageName: node
  linkType: hard

"sonic-boom@npm:^3.1.0":
  version: 3.2.1
  resolution: "sonic-boom@npm:3.2.1"
  dependencies:
    atomic-sleep: ^1.0.0
  checksum: 674d0af31c67818c99a0956482720b853bdaa6e46a63814db9fd28024580836a4cfdafa2c2ba6b0ec08449e9a92a5e7959530689b2c1fb5c83f786708cd7a7da
  languageName: node
  linkType: hard

"split2@npm:^4.0.0":
  version: 4.1.0
  resolution: "split2@npm:4.1.0"
  checksum: ec581597cb74c13cdfb5e2047543dd40cb1e8e9803c7b1e0c29ede05f2b4f049b2d6e7f2788a225d544549375719658b8f38e9366364dec35dc7a12edfda5ee5
  languageName: node
  linkType: hard

"string-dedent@npm:^3.0.1":
  version: 3.0.1
  resolution: "string-dedent@npm:3.0.1"
  checksum: b82b25649f04fc0637e8a98be2439e86265e60f5cab1008edd19dced71e3cfaf4184e0df4877d63dd3d80e9cd5ee81f522c6ff63b5c5d6a44fe909755e01e5be
  languageName: node
  linkType: hard

"thread-stream@npm:^2.0.0":
  version: 2.3.0
  resolution: "thread-stream@npm:2.3.0"
  dependencies:
    real-require: ^0.2.0
  checksum: e9ea58f9f36320165b41c2aae5c439bf68bd3575eb533c458483d8b290e31d519979e351408c7d6e248711611434332c2a3aae2165650b028cc3eb9b1052ac16
  languageName: node
  linkType: hard

"toad-cache@npm:^3.2.0":
  version: 3.2.0
  resolution: "toad-cache@npm:3.2.0"
  checksum: 9d64f7760cd8ae6d0684d17e9153a39c088877e4b9f5e648fe11c4f9c82c033d3b606ff0dfe566cd5a0056dee9ebeaf4ab9bee1de1e6597d7cc6745042413b2b
  languageName: node
  linkType: hard

"tsconfck@npm:^2.0.1":
  version: 2.0.3
  resolution: "tsconfck@npm:2.0.3"
  peerDependencies:
    typescript: ^4.3.5
  peerDependenciesMeta:
    typescript:
      optional: true
  bin:
    tsconfck: bin/tsconfck.js
  checksum: 557060017e35cb45281134568ad64f15fe1702c318c3cfba18d49f7c66f964981f19d5c493ca1848edab31f71aeaade305ae485eb6b11c8fb40fda593f3f4998
  languageName: node
  linkType: hard

"tsconfck@npm:^3.0.0":
  version: 3.0.0
  resolution: "tsconfck@npm:3.0.0"
  peerDependencies:
    typescript: ^5.0.0
  peerDependenciesMeta:
    typescript:
      optional: true
  bin:
    tsconfck: bin/tsconfck.js
  checksum: a9fd941dfbeb3cb095ff079e1177c219bf7b900edb36bb273f081c226436e1561e8f78aa482240450097da3463dc0f57353ef4e2cda2df7d472ecded16843379
  languageName: node
  linkType: hard

"typescript@npm:^5.0.0":
  version: 5.2.2
  resolution: "typescript@npm:5.2.2"
  bin:
    tsc: bin/tsc
    tsserver: bin/tsserver
  checksum: 7912821dac4d962d315c36800fe387cdc0a6298dba7ec171b350b4a6e988b51d7b8f051317786db1094bd7431d526b648aba7da8236607febb26cf5b871d2d3c
  languageName: node
  linkType: hard

"typescript@patch:typescript@^5.0.0#~builtin<compat/typescript>":
  version: 5.2.2
  resolution: "typescript@patch:typescript@npm%3A5.2.2#~builtin<compat/typescript>::version=5.2.2&hash=f3b441"
  bin:
    tsc: bin/tsc
    tsserver: bin/tsserver
  checksum: 0f4da2f15e6f1245e49db15801dbee52f2bbfb267e1c39225afdab5afee1a72839cd86000e65ee9d7e4dfaff12239d28beaf5ee431357fcced15fb08583d72ca
  languageName: node
  linkType: hard

"update-browserslist-db@npm:^1.0.13":
  version: 1.0.13
  resolution: "update-browserslist-db@npm:1.0.13"
  dependencies:
    escalade: ^3.1.1
    picocolors: ^1.0.0
  peerDependencies:
    browserslist: ">= 4.21.0"
  bin:
    update-browserslist-db: cli.js
  checksum: 1e47d80182ab6e4ad35396ad8b61008ae2a1330221175d0abd37689658bdb61af9b705bfc41057fd16682474d79944fb2d86767c5ed5ae34b6276b9bed353322
  languageName: node
  linkType: hard

"uri-js@npm:^4.2.2":
  version: 4.4.1
  resolution: "uri-js@npm:4.4.1"
  dependencies:
    punycode: ^2.1.0
  checksum: 7167432de6817fe8e9e0c9684f1d2de2bb688c94388f7569f7dbdb1587c9f4ca2a77962f134ec90be0cc4d004c939ff0d05acc9f34a0db39a3c797dada262633
  languageName: node
  linkType: hard

"xstate@npm:^4.35.0":
  version: 4.37.0
  resolution: "xstate@npm:4.37.0"
  checksum: 8eba107721c91ba08934b68a2881f01dd9ab6f23cc2ebcdd91145ce5999db8f690b38cf1570b928c058755150fc5024bed1cafe731ff7e6750d4e64752a7ab5b
  languageName: node
  linkType: hard

"yallist@npm:^4.0.0":
  version: 4.0.0
  resolution: "yallist@npm:4.0.0"
  checksum: 343617202af32df2a15a3be36a5a8c0c8545208f3d3dfbc6bb7c3e3b7e8c6f8e7485432e4f3b88da3031a6e20afa7c711eded32ddfb122896ac5d914e75848d5
  languageName: node
  linkType: hard
